
Microsoft Visual Studio Solution File, Format Version 12.00
# Visual Studio Version 17
VisualStudioVersion = 17.13.35931.197 d17.13
MinimumVisualStudioVersion = 10.0.40219.1
Project("{FAE04EC0-301F-11D3-BF4B-00C04F79EFBC}") = "BlazorBiblioteca", "BlazorBiblioteca\BlazorBiblioteca\BlazorBiblioteca.csproj", "{A4BC31FB-6639-4D63-BE74-202FA4688A11}"
EndProject
Project("{FAE04EC0-301F-11D3-BF4B-00C04F79EFBC}") = "BlazorBiblioteca.Client", "BlazorBiblioteca\BlazorBiblioteca.Client\BlazorBiblioteca.Client.csproj", "{FA42ED6A-D324-49D6-9A4D-412B8F8621FF}"
EndProject
Project("{FAE04EC0-301F-11D3-BF4B-00C04F79EFBC}") = "BlazorBiblioteca.Shared", "BlazorBiblioteca.Shared\BlazorBiblioteca.Shared.csproj", "{5DB7F030-4A10-4B5E-B544-CC660ABD713C}"
EndProject
Global
	GlobalSection(SolutionConfigurationPlatforms) = preSolution
		Debug|Any CPU = Debug|Any CPU
		Release|Any CPU = Release|Any CPU
	EndGlobalSection
	GlobalSection(ProjectConfigurationPlatforms) = postSolution
		{A4BC31FB-6639-4D63-BE74-202FA4688A11}.Debug|Any CPU.ActiveCfg = Debug|Any CPU
		{A4BC31FB-6639-4D63-BE74-202FA4688A11}.Debug|Any CPU.Build.0 = Debug|Any CPU
		{A4BC31FB-6639-4D63-BE74-202FA4688A11}.Release|Any CPU.ActiveCfg = Release|Any CPU
		{A4BC31FB-6639-4D63-BE74-202FA4688A11}.Release|Any CPU.Build.0 = Release|Any CPU
		{FA42ED6A-D324-49D6-9A4D-412B8F8621FF}.Debug|Any CPU.ActiveCfg = Debug|Any CPU
		{FA42ED6A-D324-49D6-9A4D-412B8F8621FF}.Debug|Any CPU.Build.0 = Debug|Any CPU
		{FA42ED6A-D324-49D6-9A4D-412B8F8621FF}.Release|Any CPU.ActiveCfg = Release|Any CPU
		{FA42ED6A-D324-49D6-9A4D-412B8F8621FF}.Release|Any CPU.Build.0 = Release|Any CPU
		{5DB7F030-4A10-4B5E-B544-CC660ABD713C}.Debug|Any CPU.ActiveCfg = Debug|Any CPU
		{5DB7F030-4A10-4B5E-B544-CC660ABD713C}.Debug|Any CPU.Build.0 = Debug|Any CPU
		{5DB7F030-4A10-4B5E-B544-CC660ABD713C}.Release|Any CPU.ActiveCfg = Release|Any CPU
		{5DB7F030-4A10-4B5E-B544-CC660ABD713C}.Release|Any CPU.Build.0 = Release|Any CPU
	EndGlobalSection
	GlobalSection(SolutionProperties) = preSolution
		HideSolutionNode = FALSE
	EndGlobalSection
	GlobalSection(ExtensibilityGlobals) = postSolution
		SolutionGuid = {6F88AA54-137A-4C27-B0B4-4326DBCDD9A7}
	EndGlobalSection
EndGlobal
